
Microsoft Visual Studio Solution File, Format Version 12.00
Project("{FAE04EC0-301F-11D3-BF4B-00C04F79EFBC}") = "RangedShieldBeltTiers", "RangedShieldBeltTiers\RangedShieldBeltTiers.csproj", "{C1059DD7-49FA-45D4-A402-631F090078D2}"
EndProject
Global
	GlobalSection(SolutionConfigurationPlatforms) = preSolution
		Debug|Any CPU = Debug|Any CPU
		Release|Any CPU = Release|Any CPU
	EndGlobalSection
	GlobalSection(ProjectConfigurationPlatforms) = postSolution
		{C1059DD7-49FA-45D4-A402-631F090078D2}.Debug|Any CPU.ActiveCfg = Debug|Any CPU
		{C1059DD7-49FA-45D4-A402-631F090078D2}.Debug|Any CPU.Build.0 = Debug|Any CPU
		{C1059DD7-49FA-45D4-A402-631F090078D2}.Release|Any CPU.ActiveCfg = Release|Any CPU
		{C1059DD7-49FA-45D4-A402-631F090078D2}.Release|Any CPU.Build.0 = Release|Any CPU
	EndGlobalSection
EndGlobal
